Microsoft Visual Studio Solution File, Format Version 12.00
# Visual Studio 2012
Project("{FAE04EC0-301F-11D3-BF4B-00C04F79EFBC}") = "game-jam-2025", "game-jam-2025.csproj", "{23CAB37B-5BD6-41D9-B6B5-A2B0D8C980A9}"
EndProject
Global
	GlobalSection(SolutionConfigurationPlatforms) = preSolution
	Debug|Any CPU = Debug|Any CPU
	ExportDebug|Any CPU = ExportDebug|Any CPU
	ExportRelease|Any CPU = ExportRelease|Any CPU
	EndGlobalSection
	GlobalSection(ProjectConfigurationPlatforms) = postSolution
		{23CAB37B-5BD6-41D9-B6B5-A2B0D8C980A9}.Debug|Any CPU.ActiveCfg = Debug|Any CPU
		{23CAB37B-5BD6-41D9-B6B5-A2B0D8C980A9}.Debug|Any CPU.Build.0 = Debug|Any CPU
		{23CAB37B-5BD6-41D9-B6B5-A2B0D8C980A9}.ExportDebug|Any CPU.ActiveCfg = ExportDebug|Any CPU
		{23CAB37B-5BD6-41D9-B6B5-A2B0D8C980A9}.ExportDebug|Any CPU.Build.0 = ExportDebug|Any CPU
		{23CAB37B-5BD6-41D9-B6B5-A2B0D8C980A9}.ExportRelease|Any CPU.ActiveCfg = ExportRelease|Any CPU
		{23CAB37B-5BD6-41D9-B6B5-A2B0D8C980A9}.ExportRelease|Any CPU.Build.0 = ExportRelease|Any CPU
	EndGlobalSection
EndGlobal
